
Microsoft Visual Studio Solution File, Format Version 11.00
# Visual Studio 2010
Project("{FAE04EC0-301F-11D3-BF4B-00C04F79EFBC}") = "TwitterIrcGateway", "TwitterIrcGateway\TwitterIrcGateway.csproj", "{1D1391F6-74ED-4FDF-8C27-0BD421D0FF4D}"
EndProject
Project("{FAE04EC0-301F-11D3-BF4B-00C04F79EFBC}") = "TwitterIrcGatewayCLI", "TwitterIrcGatewayCLI\TwitterIrcGatewayCLI.csproj", "{4FCEDBD3-FA87-4ADE-82E9-B3C5BA431F54}"
EndProject
Project("{FAE04EC0-301F-11D3-BF4B-00C04F79EFBC}") = "TwitterIrcGatewayCore", "TwitterIrcGatewayCore\TwitterIrcGatewayCore.csproj", "{8A256703-BDC7-4E96-8AC3-89A56A2AFB86}"
EndProject
Project("{FAE04EC0-301F-11D3-BF4B-00C04F79EFBC}") = "TwitterIrcGatewayCLIBootstrap", "TwitterIrcGatewayCLIBootstrap\TwitterIrcGatewayCLIBootstrap.csproj", "{14BB28EE-ED27-4F95-A298-59B6B919D3A1}"
EndProject
Project("{FAE04EC0-301F-11D3-BF4B-00C04F79EFBC}") = "TwitterIrcGatewayService", "TwitterIrcGatewayService\TwitterIrcGatewayService.csproj", "{BD0A16C9-F297-4A1C-A08D-BBC18D354553}"
EndProject
Global
	GlobalSection(SolutionConfigurationPlatforms) = preSolution
		Debug|Any CPU = Debug|Any CPU
		Debug|x86 = Debug|x86
		Hosting Debug|Any CPU = Hosting Debug|Any CPU
		Hosting Debug|x86 = Hosting Debug|x86
		Hosting Release|Any CPU = Hosting Release|Any CPU
		Hosting Release|x86 = Hosting Release|x86
		Release|Any CPU = Release|Any CPU
		Release|x86 = Release|x86
	EndGlobalSection
	GlobalSection(ProjectConfigurationPlatforms) = postSolution
		{1D1391F6-74ED-4FDF-8C27-0BD421D0FF4D}.Debug|Any CPU.ActiveCfg = Debug|Any CPU
		{1D1391F6-74ED-4FDF-8C27-0BD421D0FF4D}.Debug|Any CPU.Build.0 = Debug|Any CPU
		{1D1391F6-74ED-4FDF-8C27-0BD421D0FF4D}.Debug|x86.ActiveCfg = Debug|x86
		{1D1391F6-74ED-4FDF-8C27-0BD421D0FF4D}.Debug|x86.Build.0 = Debug|x86
		{1D1391F6-74ED-4FDF-8C27-0BD421D0FF4D}.Hosting Debug|Any CPU.ActiveCfg = Hosting Debug|Any CPU
		{1D1391F6-74ED-4FDF-8C27-0BD421D0FF4D}.Hosting Debug|x86.ActiveCfg = Hosting Debug|x86
		{1D1391F6-74ED-4FDF-8C27-0BD421D0FF4D}.Hosting Release|Any CPU.ActiveCfg = Hosting Release|Any CPU
		{1D1391F6-74ED-4FDF-8C27-0BD421D0FF4D}.Hosting Release|x86.ActiveCfg = Hosting Release|x86
		{1D1391F6-74ED-4FDF-8C27-0BD421D0FF4D}.Release|Any CPU.ActiveCfg = Release|Any CPU
		{1D1391F6-74ED-4FDF-8C27-0BD421D0FF4D}.Release|Any CPU.Build.0 = Release|Any CPU
		{1D1391F6-74ED-4FDF-8C27-0BD421D0FF4D}.Release|x86.ActiveCfg = Release|x86
		{1D1391F6-74ED-4FDF-8C27-0BD421D0FF4D}.Release|x86.Build.0 = Release|x86
		{4FCEDBD3-FA87-4ADE-82E9-B3C5BA431F54}.Debug|Any CPU.ActiveCfg = Debug|Any CPU
		{4FCEDBD3-FA87-4ADE-82E9-B3C5BA431F54}.Debug|Any CPU.Build.0 = Debug|Any CPU
		{4FCEDBD3-FA87-4ADE-82E9-B3C5BA431F54}.Debug|x86.ActiveCfg = Debug|x86
		{4FCEDBD3-FA87-4ADE-82E9-B3C5BA431F54}.Debug|x86.Build.0 = Debug|x86
		{4FCEDBD3-FA87-4ADE-82E9-B3C5BA431F54}.Hosting Debug|Any CPU.ActiveCfg = Hosting Debug|Any CPU
		{4FCEDBD3-FA87-4ADE-82E9-B3C5BA431F54}.Hosting Debug|Any CPU.Build.0 = Hosting Debug|Any CPU
		{4FCEDBD3-FA87-4ADE-82E9-B3C5BA431F54}.Hosting Debug|x86.ActiveCfg = Hosting Debug|x86
		{4FCEDBD3-FA87-4ADE-82E9-B3C5BA431F54}.Hosting Debug|x86.Build.0 = Hosting Debug|x86
		{4FCEDBD3-FA87-4ADE-82E9-B3C5BA431F54}.Hosting Release|Any CPU.ActiveCfg = Hosting Release|Any CPU
		{4FCEDBD3-FA87-4ADE-82E9-B3C5BA431F54}.Hosting Release|Any CPU.Build.0 = Hosting Release|Any CPU
		{4FCEDBD3-FA87-4ADE-82E9-B3C5BA431F54}.Hosting Release|x86.ActiveCfg = Hosting Release|x86
		{4FCEDBD3-FA87-4ADE-82E9-B3C5BA431F54}.Hosting Release|x86.Build.0 = Hosting Release|x86
		{4FCEDBD3-FA87-4ADE-82E9-B3C5BA431F54}.Release|Any CPU.ActiveCfg = Release|Any CPU
		{4FCEDBD3-FA87-4ADE-82E9-B3C5BA431F54}.Release|Any CPU.Build.0 = Release|Any CPU
		{4FCEDBD3-FA87-4ADE-82E9-B3C5BA431F54}.Release|x86.ActiveCfg = Release|x86
		{4FCEDBD3-FA87-4ADE-82E9-B3C5BA431F54}.Release|x86.Build.0 = Release|x86
		{8A256703-BDC7-4E96-8AC3-89A56A2AFB86}.Debug|Any CPU.ActiveCfg = Debug|Any CPU
		{8A256703-BDC7-4E96-8AC3-89A56A2AFB86}.Debug|Any CPU.Build.0 = Debug|Any CPU
		{8A256703-BDC7-4E96-8AC3-89A56A2AFB86}.Debug|x86.ActiveCfg = Debug|x86
		{8A256703-BDC7-4E96-8AC3-89A56A2AFB86}.Debug|x86.Build.0 = Debug|x86
		{8A256703-BDC7-4E96-8AC3-89A56A2AFB86}.Hosting Debug|Any CPU.ActiveCfg = Hosting Debug|Any CPU
		{8A256703-BDC7-4E96-8AC3-89A56A2AFB86}.Hosting Debug|Any CPU.Build.0 = Hosting Debug|Any CPU
		{8A256703-BDC7-4E96-8AC3-89A56A2AFB86}.Hosting Debug|x86.ActiveCfg = Hosting Debug|x86
		{8A256703-BDC7-4E96-8AC3-89A56A2AFB86}.Hosting Debug|x86.Build.0 = Hosting Debug|x86
		{8A256703-BDC7-4E96-8AC3-89A56A2AFB86}.Hosting Release|Any CPU.ActiveCfg = Hosting Release|Any CPU
		{8A256703-BDC7-4E96-8AC3-89A56A2AFB86}.Hosting Release|Any CPU.Build.0 = Hosting Release|Any CPU
		{8A256703-BDC7-4E96-8AC3-89A56A2AFB86}.Hosting Release|x86.ActiveCfg = Hosting Release|x86
		{8A256703-BDC7-4E96-8AC3-89A56A2AFB86}.Hosting Release|x86.Build.0 = Hosting Release|x86
		{8A256703-BDC7-4E96-8AC3-89A56A2AFB86}.Release|Any CPU.ActiveCfg = Release|Any CPU
		{8A256703-BDC7-4E96-8AC3-89A56A2AFB86}.Release|Any CPU.Build.0 = Release|Any CPU
		{8A256703-BDC7-4E96-8AC3-89A56A2AFB86}.Release|x86.ActiveCfg = Release|x86
		{8A256703-BDC7-4E96-8AC3-89A56A2AFB86}.Release|x86.Build.0 = Release|x86
		{14BB28EE-ED27-4F95-A298-59B6B919D3A1}.Debug|Any CPU.ActiveCfg = Debug|Any CPU
		{14BB28EE-ED27-4F95-A298-59B6B919D3A1}.Debug|Any CPU.Build.0 = Debug|Any CPU
		{14BB28EE-ED27-4F95-A298-59B6B919D3A1}.Debug|x86.ActiveCfg = Debug|x86
		{14BB28EE-ED27-4F95-A298-59B6B919D3A1}.Debug|x86.Build.0 = Debug|x86
		{14BB28EE-ED27-4F95-A298-59B6B919D3A1}.Hosting Debug|Any CPU.ActiveCfg = Debug|Any CPU
		{14BB28EE-ED27-4F95-A298-59B6B919D3A1}.Hosting Debug|x86.ActiveCfg = Debug|x86
		{14BB28EE-ED27-4F95-A298-59B6B919D3A1}.Hosting Release|Any CPU.ActiveCfg = Release|Any CPU
		{14BB28EE-ED27-4F95-A298-59B6B919D3A1}.Hosting Release|x86.ActiveCfg = Release|x86
		{14BB28EE-ED27-4F95-A298-59B6B919D3A1}.Release|Any CPU.ActiveCfg = Release|Any CPU
		{14BB28EE-ED27-4F95-A298-59B6B919D3A1}.Release|Any CPU.Build.0 = Release|Any CPU
		{14BB28EE-ED27-4F95-A298-59B6B919D3A1}.Release|x86.ActiveCfg = Release|x86
		{14BB28EE-ED27-4F95-A298-59B6B919D3A1}.Release|x86.Build.0 = Release|x86
		{BD0A16C9-F297-4A1C-A08D-BBC18D354553}.Debug|Any CPU.ActiveCfg = Debug|Any CPU
		{BD0A16C9-F297-4A1C-A08D-BBC18D354553}.Debug|Any CPU.Build.0 = Debug|Any CPU
		{BD0A16C9-F297-4A1C-A08D-BBC18D354553}.Debug|x86.ActiveCfg = Debug|x86
		{BD0A16C9-F297-4A1C-A08D-BBC18D354553}.Debug|x86.Build.0 = Debug|x86
		{BD0A16C9-F297-4A1C-A08D-BBC18D354553}.Hosting Debug|Any CPU.ActiveCfg = Hosting Debug|Any CPU
		{BD0A16C9-F297-4A1C-A08D-BBC18D354553}.Hosting Debug|Any CPU.Build.0 = Hosting Debug|Any CPU
		{BD0A16C9-F297-4A1C-A08D-BBC18D354553}.Hosting Debug|x86.ActiveCfg = Hosting Debug|x86
		{BD0A16C9-F297-4A1C-A08D-BBC18D354553}.Hosting Debug|x86.Build.0 = Hosting Debug|x86
		{BD0A16C9-F297-4A1C-A08D-BBC18D354553}.Hosting Release|Any CPU.ActiveCfg = Hosting Release|Any CPU
		{BD0A16C9-F297-4A1C-A08D-BBC18D354553}.Hosting Release|Any CPU.Build.0 = Hosting Release|Any CPU
		{BD0A16C9-F297-4A1C-A08D-BBC18D354553}.Hosting Release|x86.ActiveCfg = Hosting Release|x86
		{BD0A16C9-F297-4A1C-A08D-BBC18D354553}.Hosting Release|x86.Build.0 = Hosting Release|x86
		{BD0A16C9-F297-4A1C-A08D-BBC18D354553}.Release|Any CPU.ActiveCfg = Release|Any CPU
		{BD0A16C9-F297-4A1C-A08D-BBC18D354553}.Release|Any CPU.Build.0 = Release|Any CPU
		{BD0A16C9-F297-4A1C-A08D-BBC18D354553}.Release|x86.ActiveCfg = Release|Any CPU
	EndGlobalSection
	GlobalSection(SolutionProperties) = preSolution
		HideSolutionNode = FALSE
	EndGlobalSection
EndGlobal
